// !$*UTF8*$!
{
	archiveVersion = 1;
	classes = {
	};
	objectVersion = 50;
	objects = {

/* Begin PBXBuildFile section */
		6E3B315721D5FD800066F767 /* AppDelegate.swift in Sources */ = {isa = PBXBuildFile; fileRef = 6E3B315621D5FD800066F767 /* AppDelegate.swift */; };
		6E3B315921D5FD800066F767 /* ViewController.swift in Sources */ = {isa = PBXBuildFile; fileRef = 6E3B315821D5FD800066F767 /* ViewController.swift */; };
		6E3B315C21D5FD800066F767 /* Main.storyboard in Resources */ = {isa = PBXBuildFile; fileRef = 6E3B315A21D5FD800066F767 /* Main.storyboard */; };
		6E3B315E21D5FD810066F767 /* Assets.xcassets in Resources */ = {isa = PBXBuildFile; fileRef = 6E3B315D21D5FD810066F767 /* Assets.xcassets */; };
		6E3B316121D5FD810066F767 /* LaunchScreen.storyboard in Resources */ = {isa = PBXBuildFile; fileRef = 6E3B315F21D5FD810066F767 /* LaunchScreen.storyboard */; };
		6E3B316621D5FD810066F767 /* Ring WatchKit App.app in Embed Watch Content */ = {isa = PBXBuildFile; fileRef = 6E3B316521D5FD810066F767 /* Ring WatchKit App.app */; };
		6E3B316C21D5FD810066F767 /* Interface.storyboard in Resources */ = {isa = PBXBuildFile; fileRef = 6E3B316A21D5FD810066F767 /* Interface.storyboard */; };
		6E3B316E21D5FD820066F767 /* Assets.xcassets in Resources */ = {isa = PBXBuildFile; fileRef = 6E3B316D21D5FD820066F767 /* Assets.xcassets */; };
		6E3B317521D5FD820066F767 /* Ring WatchKit Extension.appex in Embed App Extensions */ = {isa = PBXBuildFile; fileRef = 6E3B317421D5FD820066F767 /* Ring WatchKit Extension.appex */; settings = {ATTRIBUTES = (RemoveHeadersOnCopy, ); }; };
		6E3B317A21D5FD820066F767 /* InterfaceController.swift in Sources */ = {isa = PBXBuildFile; fileRef = 6E3B317921D5FD820066F767 /* InterfaceController.swift */; };
		6E3B317C21D5FD820066F767 /* ExtensionDelegate.swift in Sources */ = {isa = PBXBuildFile; fileRef = 6E3B317B21D5FD820066F767 /* ExtensionDelegate.swift */; };
		6E3B317E21D5FD830066F767 /* Assets.xcassets in Resources */ = {isa = PBXBuildFile; fileRef = 6E3B317D21D5FD830066F767 /* Assets.xcassets */; };
/* End PBXBuildFile section */

/* Begin PBXContainerItemProxy section */
		6E3B316721D5FD810066F767 /* PBXContainerItemProxy */ = {
			isa = PBXContainerItemProxy;
			containerPortal = 6E3B314B21D5FD800066F767 /* Project object */;
			proxyType = 1;
			remoteGlobalIDString = 6E3B316421D5FD810066F767;
			remoteInfo = "Ring WatchKit App";
		};
		6E3B317621D5FD820066F767 /* PBXContainerItemProxy */ = {
			isa = PBXContainerItemProxy;
			containerPortal = 6E3B314B21D5FD800066F767 /* Project object */;
			proxyType = 1;
			remoteGlobalIDString = 6E3B317321D5FD820066F767;
			remoteInfo = "Ring WatchKit Extension";
		};
/* End PBXContainerItemProxy section */

/* Begin PBXCopyFilesBuildPhase section */
		6E3B318521D5FD830066F767 /* Embed App Extensions */ = {
			isa = PBXCopyFilesBuildPhase;
			buildActionMask = 2147483647;
			dstPath = "";
			dstSubfolderSpec = 13;
			files = (
				6E3B317521D5FD820066F767 /* Ring WatchKit Extension.appex in Embed App Extensions */,
			);
			name = "Embed App Extensions";
			runOnlyForDeploymentPostprocessing = 0;
		};
		6E3B318921D5FD830066F767 /* Embed Watch Content */ = {
			isa = PBXCopyFilesBuildPhase;
			buildActionMask = 2147483647;
			dstPath = "$(CONTENTS_FOLDER_PATH)/Watch";
			dstSubfolderSpec = 16;
			files = (
				6E3B316621D5FD810066F767 /* Ring WatchKit App.app in Embed Watch Content */,
			);
			name = "Embed Watch Content";
			runOnlyForDeploymentPostprocessing = 0;
		};
/* End PBXCopyFilesBuildPhase section */

/* Begin PBXFileReference section */
		6E3B315321D5FD800066F767 /* Ring.app */ = {isa = PBXFileReference; explicitFileType = wrapper.application; includeInIndex = 0; path = Ring.app; sourceTree = BUILT_PRODUCTS_DIR; };
		6E3B315621D5FD800066F767 /* AppDelegate.swift */ = {isa = PBXFileReference; lastKnownFileType = sourcecode.swift; path = AppDelegate.swift; sourceTree = "<group>"; };
		6E3B315821D5FD800066F767 /* ViewController.swift */ = {isa = PBXFileReference; lastKnownFileType = sourcecode.swift; path = ViewController.swift; sourceTree = "<group>"; };
		6E3B315B21D5FD800066F767 /* Base */ = {isa = PBXFileReference; lastKnownFileType = file.storyboard; name = Base; path = Base.lproj/Main.storyboard; sourceTree = "<group>"; };
		6E3B315D21D5FD810066F767 /* Assets.xcassets */ = {isa = PBXFileReference; lastKnownFileType = folder.assetcatalog; path = Assets.xcassets; sourceTree = "<group>"; };
		6E3B316021D5FD810066F767 /* Base */ = {isa = PBXFileReference; lastKnownFileType = file.storyboard; name = Base; path = Base.lproj/LaunchScreen.storyboard; sourceTree = "<group>"; };
		6E3B316221D5FD810066F767 /* Info.plist */ = {isa = PBXFileReference; lastKnownFileType = text.plist.xml; path = Info.plist; sourceTree = "<group>"; };
		6E3B316521D5FD810066F767 /* Ring WatchKit App.app */ = {isa = PBXFileReference; explicitFileType = wrapper.application; includeInIndex = 0; path = "Ring WatchKit App.app"; sourceTree = BUILT_PRODUCTS_DIR; };
		6E3B316B21D5FD810066F767 /* Base */ = {isa = PBXFileReference; lastKnownFileType = file.storyboard; name = Base; path = Base.lproj/Interface.storyboard; sourceTree = "<group>"; };
		6E3B316D21D5FD820066F767 /* Assets.xcassets */ = {isa = PBXFileReference; lastKnownFileType = folder.assetcatalog; path = Assets.xcassets; sourceTree = "<group>"; };
		6E3B316F21D5FD820066F767 /* Info.plist */ = {isa = PBXFileReference; lastKnownFileType = text.plist.xml; path = Info.plist; sourceTree = "<group>"; };
		6E3B317421D5FD820066F767 /* Ring WatchKit Extension.appex */ = {isa = PBXFileReference; explicitFileType = "wrapper.app-extension"; includeInIndex = 0; path = "Ring WatchKit Extension.appex"; sourceTree = BUILT_PRODUCTS_DIR; };
		6E3B317921D5FD820066F767 /* InterfaceController.swift */ = {isa = PBXFileReference; lastKnownFileType = sourcecode.swift; path = InterfaceController.swift; sourceTree = "<group>"; };
		6E3B317B21D5FD820066F767 /* ExtensionDelegate.swift */ = {isa = PBXFileReference; lastKnownFileType = sourcecode.swift; path = ExtensionDelegate.swift; sourceTree = "<group>"; };
		6E3B317D21D5FD830066F767 /* Assets.xcassets */ = {isa = PBXFileReference; lastKnownFileType = folder.assetcatalog; path = Assets.xcassets; sourceTree = "<group>"; };
		6E3B317F21D5FD830066F767 /* Info.plist */ = {isa = PBXFileReference; lastKnownFileType = text.plist.xml; path = Info.plist; sourceTree = "<group>"; };
/* End PBXFileReference section */

/* Begin PBXFrameworksBuildPhase section */
		6E3B315021D5FD800066F767 /* Frameworks */ = {
			isa = PBXFrameworksBuildPhase;
			buildActionMask = 2147483647;
			files = (
			);
			runOnlyForDeploymentPostprocessing = 0;
		};
		6E3B317121D5FD820066F767 /* Frameworks */ = {
			isa = PBXFrameworksBuildPhase;
			buildActionMask = 2147483647;
			files = (
			);
			runOnlyForDeploymentPostprocessing = 0;
		};
/* End PBXFrameworksBuildPhase section */

/* Begin PBXGroup section */
		6E3B314A21D5FD800066F767 = {
			isa = PBXGroup;
			children = (
				6E3B315521D5FD800066F767 /* Ring */,
				6E3B316921D5FD810066F767 /* Ring WatchKit App */,
				6E3B317821D5FD820066F767 /* Ring WatchKit Extension */,
				6E3B315421D5FD800066F767 /* Products */,
			);
			sourceTree = "<group>";
		};
		6E3B315421D5FD800066F767 /* Products */ = {
			isa = PBXGroup;
			children = (
				6E3B315321D5FD800066F767 /* Ring.app */,
				6E3B316521D5FD810066F767 /* Ring WatchKit App.app */,
				6E3B317421D5FD820066F767 /* Ring WatchKit Extension.appex */,
			);
			name = Products;
			sourceTree = "<group>";
		};
		6E3B315521D5FD800066F767 /* Ring */ = {
			isa = PBXGroup;
			children = (
				6E3B315621D5FD800066F767 /* AppDelegate.swift */,
				6E3B315821D5FD800066F767 /* ViewController.swift */,
				6E3B315A21D5FD800066F767 /* Main.storyboard */,
				6E3B315D21D5FD810066F767 /* Assets.xcassets */,
				6E3B315F21D5FD810066F767 /* LaunchScreen.storyboard */,
				6E3B316221D5FD810066F767 /* Info.plist */,
			);
			path = Ring;
			sourceTree = "<group>";
		};
		6E3B316921D5FD810066F767 /* Ring WatchKit App */ = {
			isa = PBXGroup;
			children = (
				6E3B316A21D5FD810066F767 /* Interface.storyboard */,
				6E3B316D21D5FD820066F767 /* Assets.xcassets */,
				6E3B316F21D5FD820066F767 /* Info.plist */,
			);
			path = "Ring WatchKit App";
			sourceTree = "<group>";
		};
		6E3B317821D5FD820066F767 /* Ring WatchKit Extension */ = {
			isa = PBXGroup;
			children = (
				6E3B317921D5FD820066F767 /* InterfaceController.swift */,
				6E3B317B21D5FD820066F767 /* ExtensionDelegate.swift */,
				6E3B317D21D5FD830066F767 /* Assets.xcassets */,
				6E3B317F21D5FD830066F767 /* Info.plist */,
			);
			path = "Ring WatchKit Extension";
			sourceTree = "<group>";
		};
/* End PBXGroup section */

/* Begin PBXNativeTarget section */
		6E3B315221D5FD800066F767 /* Ring */ = {
			isa = PBXNativeTarget;
			buildConfigurationList = 6E3B318A21D5FD830066F767 /* Build configuration list for PBXNativeTarget "Ring" */;
			buildPhases = (
				6E3B314F21D5FD800066F767 /* Sources */,
				6E3B315021D5FD800066F767 /* Frameworks */,
				6E3B315121D5FD800066F767 /* Resources */,
				6E3B318921D5FD830066F767 /* Embed Watch Content */,
			);
			buildRules = (
			);
			dependencies = (
				6E3B316821D5FD810066F767 /* PBXTargetDependency */,
			);
			name = Ring;
			productName = Ring;
			productReference = 6E3B315321D5FD800066F767 /* Ring.app */;
			productType = "com.apple.product-type.application";
		};
		6E3B316421D5FD810066F767 /* Ring WatchKit App */ = {
			isa = PBXNativeTarget;
			buildConfigurationList = 6E3B318621D5FD830066F767 /* Build configuration list for PBXNativeTarget "Ring WatchKit App" */;
			buildPhases = (
				6E3B316321D5FD810066F767 /* Resources */,
				6E3B318521D5FD830066F767 /* Embed App Extensions */,
			);
			buildRules = (
			);
			dependencies = (
				6E3B317721D5FD820066F767 /* PBXTargetDependency */,
			);
			name = "Ring WatchKit App";
			productName = "Ring WatchKit App";
			productReference = 6E3B316521D5FD810066F767 /* Ring WatchKit App.app */;
			productType = "com.apple.product-type.application.watchapp2";
		};
		6E3B317321D5FD820066F767 /* Ring WatchKit Extension */ = {
			isa = PBXNativeTarget;
			buildConfigurationList = 6E3B318221D5FD830066F767 /* Build configuration list for PBXNativeTarget "Ring WatchKit Extension" */;
			buildPhases = (
				6E3B317021D5FD820066F767 /* Sources */,
				6E3B317121D5FD820066F767 /* Frameworks */,
				6E3B317221D5FD820066F767 /* Resources */,
			);
			buildRules = (
			);
			dependencies = (
			);
			name = "Ring WatchKit Extension";
			productName = "Ring WatchKit Extension";
			productReference = 6E3B317421D5FD820066F767 /* Ring WatchKit Extension.appex */;
			productType = "com.apple.product-type.watchkit2-extension";
		};
/* End PBXNativeTarget section */

/* Begin PBXProject section */
		6E3B314B21D5FD800066F767 /* Project object */ = {
			isa = PBXProject;
			attributes = {
				LastSwiftUpdateCheck = 1010;
				LastUpgradeCheck = 1010;
				ORGANIZATIONNAME = Pablo;
				TargetAttributes = {
					6E3B315221D5FD800066F767 = {
						CreatedOnToolsVersion = 10.1;
					};
					6E3B316421D5FD810066F767 = {
						CreatedOnToolsVersion = 10.1;
					};
					6E3B317321D5FD820066F767 = {
						CreatedOnToolsVersion = 10.1;
					};
				};
			};
			buildConfigurationList = 6E3B314E21D5FD800066F767 /* Build configuration list for PBXProject "Ring" */;
			compatibilityVersion = "Xcode 9.3";
			developmentRegion = en;
			hasScannedForEncodings = 0;
			knownRegions = (
				en,
				Base,
			);
			mainGroup = 6E3B314A21D5FD800066F767;
			productRefGroup = 6E3B315421D5FD800066F767 /* Products */;
			projectDirPath = "";
			projectRoot = "";
			targets = (
				6E3B315221D5FD800066F767 /* Ring */,
				6E3B316421D5FD810066F767 /* Ring WatchKit App */,
				6E3B317321D5FD820066F767 /* Ring WatchKit Extension */,
			);
		};
/* End PBXProject section */

/* Begin PBXResourcesBuildPhase section */
		6E3B315121D5FD800066F767 /* Resources */ = {
			isa = PBXResourcesBuildPhase;
			buildActionMask = 2147483647;
			files = (
				6E3B316121D5FD810066F767 /* LaunchScreen.storyboard in Resources */,
				6E3B315E21D5FD810066F767 /* Assets.xcassets in Resources */,
				6E3B315C21D5FD800066F767 /* Main.storyboard in Resources */,
			);
			runOnlyForDeploymentPostprocessing = 0;
		};
		6E3B316321D5FD810066F767 /* Resources */ = {
			isa = PBXResourcesBuildPhase;
			buildActionMask = 2147483647;
			files = (
				6E3B316E21D5FD820066F767 /* Assets.xcassets in Resources */,
				6E3B316C21D5FD810066F767 /* Interface.storyboard in Resources */,
			);
			runOnlyForDeploymentPostprocessing = 0;
		};
		6E3B317221D5FD820066F767 /* Resources */ = {
			isa = PBXResourcesBuildPhase;
			buildActionMask = 2147483647;
			files = (
				6E3B317E21D5FD830066F767 /* Assets.xcassets in Resources */,
			);
			runOnlyForDeploymentPostprocessing = 0;
		};
/* End PBXResourcesBuildPhase section */

/* Begin PBXSourcesBuildPhase section */
		6E3B314F21D5FD800066F767 /* Sources */ = {
			isa = PBXSourcesBuildPhase;
			buildActionMask = 2147483647;
			files = (
				6E3B315921D5FD800066F767 /* ViewController.swift in Sources */,
				6E3B315721D5FD800066F767 /* AppDelegate.swift in Sources */,
			);
			runOnlyForDeploymentPostprocessing = 0;
		};
		6E3B317021D5FD820066F767 /* Sources */ = {
			isa = PBXSourcesBuildPhase;
			buildActionMask = 2147483647;
			files = (
				6E3B317C21D5FD820066F767 /* ExtensionDelegate.swift in Sources */,
				6E3B317A21D5FD820066F767 /* InterfaceController.swift in Sources */,
			);
			runOnlyForDeploymentPostprocessing = 0;
		};
/* End PBXSourcesBuildPhase section */

/* Begin PBXTargetDependency section */
		6E3B316821D5FD810066F767 /* PBXTargetDependency */ = {
			isa = PBXTargetDependency;
			target = 6E3B316421D5FD810066F767 /* Ring WatchKit App */;
			targetProxy = 6E3B316721D5FD810066F767 /* PBXContainerItemProxy */;
		};
		6E3B317721D5FD820066F767 /* PBXTargetDependency */ = {
			isa = PBXTargetDependency;
			target = 6E3B317321D5FD820066F767 /* Ring WatchKit Extension */;
			targetProxy = 6E3B317621D5FD820066F767 /* PBXContainerItemProxy */;
		};
/* End PBXTargetDependency section */

/* Begin PBXVariantGroup section */
		6E3B315A21D5FD800066F767 /* Main.storyboard */ = {
			isa = PBXVariantGroup;
			children = (
				6E3B315B21D5FD800066F767 /* Base */,
			);
			name = Main.storyboard;
			sourceTree = "<group>";
		};
		6E3B315F21D5FD810066F767 /* LaunchScreen.storyboard */ = {
			isa = PBXVariantGroup;
			children = (
				6E3B316021D5FD810066F767 /* Base */,
			);
			name = LaunchScreen.storyboard;
			sourceTree = "<group>";
		};
		6E3B316A21D5FD810066F767 /* Interface.storyboard */ = {
			isa = PBXVariantGroup;
			children = (
				6E3B316B21D5FD810066F767 /* Base */,
			);
			name = Interface.storyboard;
			sourceTree = "<group>";
		};
/* End PBXVariantGroup section */

/* Begin XCBuildConfiguration section */
		6E3B318021D5FD830066F767 /* Debug */ = {
			isa = XCBuildConfiguration;
			buildSettings = {
				ALWAYS_SEARCH_USER_PATHS = NO;
				CLANG_ANALYZER_NONNULL = YES;
				CLANG_ANALYZER_NUMBER_OBJECT_CONVERSION = YES_AGGRESSIVE;
				CLANG_CXX_LANGUAGE_STANDARD = "gnu++14";
				CLANG_CXX_LIBRARY = "libc++";
				CLANG_ENABLE_MODULES = YES;
				CLANG_ENABLE_OBJC_ARC = YES;
				CLANG_ENABLE_OBJC_WEAK = YES;
				CLANG_WARN_BLOCK_CAPTURE_AUTORELEASING = YES;
				CLANG_WARN_BOOL_CONVERSION = YES;
				CLANG_WARN_COMMA = YES;
				CLANG_WARN_CONSTANT_CONVERSION = YES;
				CLANG_WARN_DEPRECATED_OBJC_IMPLEMENTATIONS = YES;
				CLANG_WARN_DIRECT_OBJC_ISA_USAGE = YES_ERROR;
				CLANG_WARN_DOCUMENTATION_COMMENTS = YES;
				CLANG_WARN_EMPTY_BODY = YES;
				CLANG_WARN_ENUM_CONVERSION = YES;
				CLANG_WARN_INFINITE_RECURSION = YES;
				CLANG_WARN_INT_CONVERSION = YES;
				CLANG_WARN_NON_LITERAL_NULL_CONVERSION = YES;
				CLANG_WARN_OBJC_IMPLICIT_RETAIN_SELF = YES;
				CLANG_WARN_OBJC_LITERAL_CONVERSION = YES;
				CLANG_WARN_OBJC_ROOT_CLASS = YES_ERROR;
				CLANG_WARN_RANGE_LOOP_ANALYSIS = YES;
				CLANG_WARN_STRICT_PROTOTYPES = YES;
				CLANG_WARN_SUSPICIOUS_MOVE = YES;
				CLANG_WARN_UNGUARDED_AVAILABILITY = YES_AGGRESSIVE;
				CLANG_WARN_UNREACHABLE_CODE = YES;
				CLANG_WARN__DUPLICATE_METHOD_MATCH = YES;
				CODE_SIGN_IDENTITY = "iPhone Developer";
				COPY_PHASE_STRIP = NO;
				DEBUG_INFORMATION_FORMAT = dwarf;
				ENABLE_STRICT_OBJC_MSGSEND = YES;
				ENABLE_TESTABILITY = YES;
				GCC_C_LANGUAGE_STANDARD = gnu11;
				GCC_DYNAMIC_NO_PIC = NO;
				GCC_NO_COMMON_BLOCKS = YES;
				GCC_OPTIMIZATION_LEVEL = 0;
				GCC_PREPROCESSOR_DEFINITIONS = (
					"DEBUG=1",
					"$(inherited)",
				);
				GCC_WARN_64_TO_32_BIT_CONVERSION = YES;
				GCC_WARN_ABOUT_RETURN_TYPE = YES_ERROR;
				GCC_WARN_UNDECLARED_SELECTOR = YES;
				GCC_WARN_UNINITIALIZED_AUTOS = YES_AGGRESSIVE;
				GCC_WARN_UNUSED_FUNCTION = YES;
				GCC_WARN_UNUSED_VARIABLE = YES;
				IPHONEOS_DEPLOYMENT_TARGET = 12.1;
				MTL_ENABLE_DEBUG_INFO = INCLUDE_SOURCE;
				MTL_FAST_MATH = YES;
				ONLY_ACTIVE_ARCH = YES;
				SDKROOT = iphoneos;
				SWIFT_ACTIVE_COMPILATION_CONDITIONS = DEBUG;
				SWIFT_OPTIMIZATION_LEVEL = "-Onone";
			};
			name = Debug;
		};
		6E3B318121D5FD830066F767 /* Release */ = {
			isa = XCBuildConfiguration;
			buildSettings = {
				ALWAYS_SEARCH_USER_PATHS = NO;
				CLANG_ANALYZER_NONNULL = YES;
				CLANG_ANALYZER_NUMBER_OBJECT_CONVERSION = YES_AGGRESSIVE;
				CLANG_CXX_LANGUAGE_STANDARD = "gnu++14";
				CLANG_CXX_LIBRARY = "libc++";
				CLANG_ENABLE_MODULES = YES;
				CLANG_ENABLE_OBJC_ARC = YES;
				CLANG_ENABLE_OBJC_WEAK = YES;
				CLANG_WARN_BLOCK_CAPTURE_AUTORELEASING = YES;
				CLANG_WARN_BOOL_CONVERSION = YES;
				CLANG_WARN_COMMA = YES;
				CLANG_WARN_CONSTANT_CONVERSION = YES;
				CLANG_WARN_DEPRECATED_OBJC_IMPLEMENTATIONS = YES;
				CLANG_WARN_DIRECT_OBJC_ISA_USAGE = YES_ERROR;
				CLANG_WARN_DOCUMENTATION_COMMENTS = YES;
				CLANG_WARN_EMPTY_BODY = YES;
				CLANG_WARN_ENUM_CONVERSION = YES;
				CLANG_WARN_INFINITE_RECURSION = YES;
				CLANG_WARN_INT_CONVERSION = YES;
				CLANG_WARN_NON_LITERAL_NULL_CONVERSION = YES;
				CLANG_WARN_OBJC_IMPLICIT_RETAIN_SELF = YES;
				CLANG_WARN_OBJC_LITERAL_CONVERSION = YES;
				CLANG_WARN_OBJC_ROOT_CLASS = YES_ERROR;
				CLANG_WARN_RANGE_LOOP_ANALYSIS = YES;
				CLANG_WARN_STRICT_PROTOTYPES = YES;
				CLANG_WARN_SUSPICIOUS_MOVE = YES;
				CLANG_WARN_UNGUARDED_AVAILABILITY = YES_AGGRESSIVE;
				CLANG_WARN_UNREACHABLE_CODE = YES;
				CLANG_WARN__DUPLICATE_METHOD_MATCH = YES;
				CODE_SIGN_IDENTITY = "iPhone Developer";
				COPY_PHASE_STRIP = NO;
				DEBUG_INFORMATION_FORMAT = "dwarf-with-dsym";
				ENABLE_NS_ASSERTIONS = NO;
				ENABLE_STRICT_OBJC_MSGSEND = YES;
				GCC_C_LANGUAGE_STANDARD = gnu11;
				GCC_NO_COMMON_BLOCKS = YES;
				GCC_WARN_64_TO_32_BIT_CONVERSION = YES;
				GCC_WARN_ABOUT_RETURN_TYPE = YES_ERROR;
				GCC_WARN_UNDECLARED_SELECTOR = YES;
				GCC_WARN_UNINITIALIZED_AUTOS = YES_AGGRESSIVE;
				GCC_WARN_UNUSED_FUNCTION = YES;
				GCC_WARN_UNUSED_VARIABLE = YES;
				IPHONEOS_DEPLOYMENT_TARGET = 12.1;
				MTL_ENABLE_DEBUG_INFO = NO;
				MTL_FAST_MATH = YES;
				SDKROOT = iphoneos;
				SWIFT_COMPILATION_MODE = wholemodule;
				SWIFT_OPTIMIZATION_LEVEL = "-O";
				VALIDATE_PRODUCT = YES;
			};
			name = Release;
		};
		6E3B318321D5FD830066F767 /* Debug */ = {
			isa = XCBuildConfiguration;
			buildSettings = {
				ASSETCATALOG_COMPILER_COMPLICATION_NAME = Complication;
				CODE_SIGN_STYLE = Automatic;
				INFOPLIST_FILE = "Ring WatchKit Extension/Info.plist";
				LD_RUNPATH_SEARCH_PATHS = (
					"$(inherited)",
					"@executable_path/Frameworks",
					"@executable_path/../../Frameworks",
				);
				PRODUCT_BUNDLE_IDENTIFIER = com.pablo.Ring.watchkitapp.watchkitextension;
				PRODUCT_NAME = "${TARGET_NAME}";
				SDKROOT = watchos;
				SKIP_INSTALL = YES;
				SWIFT_VERSION = 4.2;
				TARGETED_DEVICE_FAMILY = 4;
				WATCHOS_DEPLOYMENT_TARGET = 5.1;
			};
			name = Debug;
		};
		6E3B318421D5FD830066F767 /* Release */ = {
			isa = XCBuildConfiguration;
			buildSettings = {
				ASSETCATALOG_COMPILER_COMPLICATION_NAME = Complication;
				CODE_SIGN_STYLE = Automatic;
				INFOPLIST_FILE = "Ring WatchKit Extension/Info.plist";
				LD_RUNPATH_SEARCH_PATHS = (
					"$(inherited)",
					"@executable_path/Frameworks",
					"@executable_path/../../Frameworks",
				);
				PRODUCT_BUNDLE_IDENTIFIER = com.pablo.Ring.watchkitapp.watchkitextension;
				PRODUCT_NAME = "${TARGET_NAME}";
				SDKROOT = watchos;
				SKIP_INSTALL = YES;
				SWIFT_VERSION = 4.2;
				TARGETED_DEVICE_FAMILY = 4;
				WATCHOS_DEPLOYMENT_TARGET = 5.1;
			};
			name = Release;
		};
		6E3B318721D5FD830066F767 /* Debug */ = {
			isa = XCBuildConfiguration;
			buildSettings = {
				ALWAYS_EMBED_SWIFT_STANDARD_LIBRARIES = YES;
				ASSETCATALOG_COMPILER_APPICON_NAME = AppIcon;
				CODE_SIGN_STYLE = Automatic;
				IBSC_MODULE = Ring_WatchKit_Extension;
				INFOPLIST_FILE = "Ring WatchKit App/Info.plist";
				PRODUCT_BUNDLE_IDENTIFIER = com.pablo.Ring.watchkitapp;
				PRODUCT_NAME = "$(TARGET_NAME)";
				SDKROOT = watchos;
				SKIP_INSTALL = YES;
				SWIFT_VERSION = 4.2;
				TARGETED_DEVICE_FAMILY = 4;
				WATCHOS_DEPLOYMENT_TARGET = 5.1;
			};
			name = Debug;
		};
		6E3B318821D5FD830066F767 /* Release */ = {
			isa = XCBuildConfiguration;
			buildSettings = {
				ALWAYS_EMBED_SWIFT_STANDARD_LIBRARIES = YES;
				ASSETCATALOG_COMPILER_APPICON_NAME = AppIcon;
				CODE_SIGN_STYLE = Automatic;
				IBSC_MODULE = Ring_WatchKit_Extension;
				INFOPLIST_FILE = "Ring WatchKit App/Info.plist";
				PRODUCT_BUNDLE_IDENTIFIER = com.pablo.Ring.watchkitapp;
				PRODUCT_NAME = "$(TARGET_NAME)";
				SDKROOT = watchos;
				SKIP_INSTALL = YES;
				SWIFT_VERSION = 4.2;
				TARGETED_DEVICE_FAMILY = 4;
				WATCHOS_DEPLOYMENT_TARGET = 5.1;
			};
			name = Release;
		};
		6E3B318B21D5FD830066F767 /* Debug */ = {
			isa = XCBuildConfiguration;
			buildSettings = {
				ASSETCATALOG_COMPILER_APPICON_NAME = AppIcon;
				CODE_SIGN_STYLE = Automatic;
				INFOPLIST_FILE = Ring/Info.plist;
				LD_RUNPATH_SEARCH_PATHS = (
					"$(inherited)",
					"@executable_path/Frameworks",
				);
				PRODUCT_BUNDLE_IDENTIFIER = com.pablo.Ring;
				PRODUCT_NAME = "$(TARGET_NAME)";
				SWIFT_VERSION = 4.2;
				TARGETED_DEVICE_FAMILY = "1,2";
			};
			name = Debug;
		};
		6E3B318C21D5FD830066F767 /* Release */ = {
			isa = XCBuildConfiguration;
			buildSettings = {
				ASSETCATALOG_COMPILER_APPICON_NAME = AppIcon;
				CODE_SIGN_STYLE = Automatic;
				INFOPLIST_FILE = Ring/Info.plist;
				LD_RUNPATH_SEARCH_PATHS = (
					"$(inherited)",
					"@executable_path/Frameworks",
				);
				PRODUCT_BUNDLE_IDENTIFIER = com.pablo.Ring;
				PRODUCT_NAME = "$(TARGET_NAME)";
				SWIFT_VERSION = 4.2;
				TARGETED_DEVICE_FAMILY = "1,2";
			};
			name = Release;
		};
/* End XCBuildConfiguration section */

/* Begin XCConfigurationList section */
		6E3B314E21D5FD800066F767 /* Build configuration list for PBXProject "Ring" */ = {
			isa = XCConfigurationList;
			buildConfigurations = (
				6E3B318021D5FD830066F767 /* Debug */,
				6E3B318121D5FD830066F767 /* Release */,
			);
			defaultConfigurationIsVisible = 0;
			defaultConfigurationName = Release;
		};
		6E3B318221D5FD830066F767 /* Build configuration list for PBXNativeTarget "Ring WatchKit Extension" */ = {
			isa = XCConfigurationList;
			buildConfigurations = (
				6E3B318321D5FD830066F767 /* Debug */,
				6E3B318421D5FD830066F767 /* Release */,
			);
			defaultConfigurationIsVisible = 0;
			defaultConfigurationName = Release;
		};
		6E3B318621D5FD830066F767 /* Build configuration list for PBXNativeTarget "Ring WatchKit App" */ = {
			isa = XCConfigurationList;
			buildConfigurations = (
				6E3B318721D5FD830066F767 /* Debug */,
				6E3B318821D5FD830066F767 /* Release */,
			);
			defaultConfigurationIsVisible = 0;
			defaultConfigurationName = Release;
		};
		6E3B318A21D5FD830066F767 /* Build configuration list for PBXNativeTarget "Ring" */ = {
			isa = XCConfigurationList;
			buildConfigurations = (
				6E3B318B21D5FD830066F767 /* Debug */,
				6E3B318C21D5FD830066F767 /* Release */,
			);
			defaultConfigurationIsVisible = 0;
			defaultConfigurationName = Release;
		};
/* End XCConfigurationList section */
	};
	rootObject = 6E3B314B21D5FD800066F767 /* Project object */;
}
